
Microsoft Visual Studio Solution File, Format Version 12.00
# Visual Studio Version 16
VisualStudioVersion = 25.0.1700.0
MinimumVisualStudioVersion = 10.0.40219.1
Project("{FAE04EC0-301F-11D3-BF4B-00C04F79EFBC}") = "WebApi", "Server\AppService\WebApi\WebApi.csproj", "{FE6903F2-2B09-494A-8F14-5F9D9428FA04}"
EndProject
Project("{FAE04EC0-301F-11D3-BF4B-00C04F79EFBC}") = "Skynet.Client", "Client\Skynet.Client\Skynet.Client.csproj", "{C4876FBC-02BE-4E01-B97A-6B109C094074}"
EndProject
Project("{2150E333-8FDC-42A3-9474-1A3956D46DE8}") = "Solution Items", "Solution Items", "{F4543430-B73F-4E9B-A833-54A5A7E6E016}"
	ProjectSection(SolutionItems) = preProject
		README.md = README.md
		tye.yaml = tye.yaml
		nginx.conf = nginx.conf
	EndProjectSection
EndProject
Project("{FAE04EC0-301F-11D3-BF4B-00C04F79EFBC}") = "Portal", "Client\Portal\Portal.csproj", "{477A0CC5-4676-461D-B440-98AE44366007}"
EndProject
Project("{FAE04EC0-301F-11D3-BF4B-00C04F79EFBC}") = "Worker", "Server\Worker\Worker.csproj", "{B1340B6E-DFEF-474F-AF38-E3785E87580C}"
EndProject
Project("{FAE04EC0-301F-11D3-BF4B-00C04F79EFBC}") = "Contracts", "Server\Contracts\Contracts.csproj", "{6C545AF3-D120-42E1-9085-84304FC9365E}"
EndProject
Project("{FAE04EC0-301F-11D3-BF4B-00C04F79EFBC}") = "Application", "Server\AppService\Application\Application.csproj", "{5703C975-1DF2-4AC7-BD7D-133F2DAE2FB2}"
EndProject
Project("{FAE04EC0-301F-11D3-BF4B-00C04F79EFBC}") = "Infrastructure", "Server\AppService\Infrastructure\Infrastructure.csproj", "{F4BC4E39-94AA-437D-BE25-EC7C9380858D}"
EndProject
Project("{FAE04EC0-301F-11D3-BF4B-00C04F79EFBC}") = "Domain", "Server\AppService\Domain\Domain.csproj", "{EFA9EA78-99DB-4DF6-B359-4263E264B72B}"
EndProject
Project("{2150E333-8FDC-42A3-9474-1A3956D46DE8}") = "Server", "Server", "{0835A9D5-FAED-4BE3-94E1-5D9E67ABD85C}"
EndProject
Project("{2150E333-8FDC-42A3-9474-1A3956D46DE8}") = "Client", "Client", "{0CD6BE3D-ABFE-4626-AB50-D0264076737A}"
EndProject
Project("{2150E333-8FDC-42A3-9474-1A3956D46DE8}") = "AppService", "AppService", "{A127FB06-772A-4F77-A65E-6EDA88A9622F}"
EndProject
Project("{FAE04EC0-301F-11D3-BF4B-00C04F79EFBC}") = "IdentityService", "Server\IdentityService\IdentityService.csproj", "{ABD9C8C1-56B2-4513-B15B-29BED2C71CDF}"
EndProject
Project("{FAE04EC0-301F-11D3-BF4B-00C04F79EFBC}") = "Worker.Client", "Server\Worker.Client\Worker.Client.csproj", "{09733348-AD4B-4BB4-9C19-1852414BCB99}"
EndProject
Project("{FAE04EC0-301F-11D3-BF4B-00C04F79EFBC}") = "Portal.Tests", "Client\Portal.Tests\Portal.Tests.csproj", "{31825979-5DD6-42A3-AA43-C9F016CC02D2}"
EndProject
Project("{2150E333-8FDC-42A3-9474-1A3956D46DE8}") = "TimeReport", "TimeReport", "{30791826-DF9E-408F-90CA-F13AD2394918}"
EndProject
Project("{FAE04EC0-301F-11D3-BF4B-00C04F79EFBC}") = "Application", "Server\TimeReport\Application\Application.csproj", "{D6DA7BE9-ABF7-40F9-A23E-FDFDB901867C}"
EndProject
Project("{FAE04EC0-301F-11D3-BF4B-00C04F79EFBC}") = "Domain", "Server\TimeReport\Domain\Domain.csproj", "{3BF26C63-6929-4FC9-96B4-0F37DFE1BE23}"
EndProject
Project("{FAE04EC0-301F-11D3-BF4B-00C04F79EFBC}") = "Infrastructure", "Server\TimeReport\Infrastructure\Infrastructure.csproj", "{361A36B2-95F5-4327-BE8B-C77079497111}"
EndProject
Project("{FAE04EC0-301F-11D3-BF4B-00C04F79EFBC}") = "WebApi", "Server\TimeReport\WebApi\WebApi.csproj", "{D8378223-825B-49F8-B933-268F27451A2B}"
EndProject
Project("{FAE04EC0-301F-11D3-BF4B-00C04F79EFBC}") = "TimeReport", "Client\TimeReport\TimeReport.csproj", "{F625D659-45E0-4375-BD38-9C176ECCD155}"
EndProject
Project("{FAE04EC0-301F-11D3-BF4B-00C04F79EFBC}") = "TimeReport.Client", "Client\TimeReport.Client\TimeReport.Client.csproj", "{57A0B238-AAB6-41D5-A8F8-BEF04B23B424}"
EndProject
Project("{FAE04EC0-301F-11D3-BF4B-00C04F79EFBC}") = "Portal.Shared", "Client\Portal.Shared\Portal.Shared.csproj", "{B02F16E9-1AFC-4E43-BACA-04B4C0CA8CFF}"
EndProject
Project("{FAE04EC0-301F-11D3-BF4B-00C04F79EFBC}") = "IdentityService.Client", "Server\IdentityService.Client\IdentityService.Client.csproj", "{169EBFFD-F29E-4FAB-A1AE-39E187D11BA6}"
EndProject
Project("{FAE04EC0-301F-11D3-BF4B-00C04F79EFBC}") = "IdentityService.Contracts", "Server\IdentityService.Contracts\IdentityService.Contracts.csproj", "{38BBC401-4119-430C-BC04-C6993D7C1078}"
EndProject
Project("{FAE04EC0-301F-11D3-BF4B-00C04F79EFBC}") = "Seeder", "Server\Seeder\Seeder.csproj", "{3D78673B-B3BA-4399-A9A0-9A9A05387321}"
EndProject
Global
	GlobalSection(SolutionConfigurationPlatforms) = preSolution
		Debug|Any CPU = Debug|Any CPU
		Release|Any CPU = Release|Any CPU
	EndGlobalSection
	GlobalSection(ProjectConfigurationPlatforms) = postSolution
		{FE6903F2-2B09-494A-8F14-5F9D9428FA04}.Debug|Any CPU.ActiveCfg = Debug|Any CPU
		{FE6903F2-2B09-494A-8F14-5F9D9428FA04}.Debug|Any CPU.Build.0 = Debug|Any CPU
		{FE6903F2-2B09-494A-8F14-5F9D9428FA04}.Release|Any CPU.ActiveCfg = Release|Any CPU
		{FE6903F2-2B09-494A-8F14-5F9D9428FA04}.Release|Any CPU.Build.0 = Release|Any CPU
		{C4876FBC-02BE-4E01-B97A-6B109C094074}.Debug|Any CPU.ActiveCfg = Debug|Any CPU
		{C4876FBC-02BE-4E01-B97A-6B109C094074}.Debug|Any CPU.Build.0 = Debug|Any CPU
		{C4876FBC-02BE-4E01-B97A-6B109C094074}.Release|Any CPU.ActiveCfg = Release|Any CPU
		{C4876FBC-02BE-4E01-B97A-6B109C094074}.Release|Any CPU.Build.0 = Release|Any CPU
		{477A0CC5-4676-461D-B440-98AE44366007}.Debug|Any CPU.ActiveCfg = Debug|Any CPU
		{477A0CC5-4676-461D-B440-98AE44366007}.Debug|Any CPU.Build.0 = Debug|Any CPU
		{477A0CC5-4676-461D-B440-98AE44366007}.Release|Any CPU.ActiveCfg = Release|Any CPU
		{477A0CC5-4676-461D-B440-98AE44366007}.Release|Any CPU.Build.0 = Release|Any CPU
		{35B8EA7C-7836-493F-9A7A-617450B7278E}.Debug|Any CPU.ActiveCfg = Debug|Any CPU
		{35B8EA7C-7836-493F-9A7A-617450B7278E}.Debug|Any CPU.Build.0 = Debug|Any CPU
		{35B8EA7C-7836-493F-9A7A-617450B7278E}.Release|Any CPU.ActiveCfg = Release|Any CPU
		{35B8EA7C-7836-493F-9A7A-617450B7278E}.Release|Any CPU.Build.0 = Release|Any CPU
		{B1340B6E-DFEF-474F-AF38-E3785E87580C}.Debug|Any CPU.ActiveCfg = Debug|Any CPU
		{B1340B6E-DFEF-474F-AF38-E3785E87580C}.Debug|Any CPU.Build.0 = Debug|Any CPU
		{B1340B6E-DFEF-474F-AF38-E3785E87580C}.Release|Any CPU.ActiveCfg = Release|Any CPU
		{B1340B6E-DFEF-474F-AF38-E3785E87580C}.Release|Any CPU.Build.0 = Release|Any CPU
		{6C545AF3-D120-42E1-9085-84304FC9365E}.Debug|Any CPU.ActiveCfg = Debug|Any CPU
		{6C545AF3-D120-42E1-9085-84304FC9365E}.Debug|Any CPU.Build.0 = Debug|Any CPU
		{6C545AF3-D120-42E1-9085-84304FC9365E}.Release|Any CPU.ActiveCfg = Release|Any CPU
		{6C545AF3-D120-42E1-9085-84304FC9365E}.Release|Any CPU.Build.0 = Release|Any CPU
		{5703C975-1DF2-4AC7-BD7D-133F2DAE2FB2}.Debug|Any CPU.ActiveCfg = Debug|Any CPU
		{5703C975-1DF2-4AC7-BD7D-133F2DAE2FB2}.Debug|Any CPU.Build.0 = Debug|Any CPU
		{5703C975-1DF2-4AC7-BD7D-133F2DAE2FB2}.Release|Any CPU.ActiveCfg = Release|Any CPU
		{5703C975-1DF2-4AC7-BD7D-133F2DAE2FB2}.Release|Any CPU.Build.0 = Release|Any CPU
		{F4BC4E39-94AA-437D-BE25-EC7C9380858D}.Debug|Any CPU.ActiveCfg = Debug|Any CPU
		{F4BC4E39-94AA-437D-BE25-EC7C9380858D}.Debug|Any CPU.Build.0 = Debug|Any CPU
		{F4BC4E39-94AA-437D-BE25-EC7C9380858D}.Release|Any CPU.ActiveCfg = Release|Any CPU
		{F4BC4E39-94AA-437D-BE25-EC7C9380858D}.Release|Any CPU.Build.0 = Release|Any CPU
		{EFA9EA78-99DB-4DF6-B359-4263E264B72B}.Debug|Any CPU.ActiveCfg = Debug|Any CPU
		{EFA9EA78-99DB-4DF6-B359-4263E264B72B}.Debug|Any CPU.Build.0 = Debug|Any CPU
		{EFA9EA78-99DB-4DF6-B359-4263E264B72B}.Release|Any CPU.ActiveCfg = Release|Any CPU
		{EFA9EA78-99DB-4DF6-B359-4263E264B72B}.Release|Any CPU.Build.0 = Release|Any CPU
		{ABD9C8C1-56B2-4513-B15B-29BED2C71CDF}.Debug|Any CPU.ActiveCfg = Debug|Any CPU
		{ABD9C8C1-56B2-4513-B15B-29BED2C71CDF}.Debug|Any CPU.Build.0 = Debug|Any CPU
		{ABD9C8C1-56B2-4513-B15B-29BED2C71CDF}.Release|Any CPU.ActiveCfg = Release|Any CPU
		{ABD9C8C1-56B2-4513-B15B-29BED2C71CDF}.Release|Any CPU.Build.0 = Release|Any CPU
		{09733348-AD4B-4BB4-9C19-1852414BCB99}.Debug|Any CPU.ActiveCfg = Debug|Any CPU
		{09733348-AD4B-4BB4-9C19-1852414BCB99}.Debug|Any CPU.Build.0 = Debug|Any CPU
		{09733348-AD4B-4BB4-9C19-1852414BCB99}.Release|Any CPU.ActiveCfg = Release|Any CPU
		{09733348-AD4B-4BB4-9C19-1852414BCB99}.Release|Any CPU.Build.0 = Release|Any CPU
		{31825979-5DD6-42A3-AA43-C9F016CC02D2}.Debug|Any CPU.ActiveCfg = Debug|Any CPU
		{31825979-5DD6-42A3-AA43-C9F016CC02D2}.Debug|Any CPU.Build.0 = Debug|Any CPU
		{31825979-5DD6-42A3-AA43-C9F016CC02D2}.Release|Any CPU.ActiveCfg = Release|Any CPU
		{31825979-5DD6-42A3-AA43-C9F016CC02D2}.Release|Any CPU.Build.0 = Release|Any CPU
		{D6DA7BE9-ABF7-40F9-A23E-FDFDB901867C}.Debug|Any CPU.ActiveCfg = Debug|Any CPU
		{D6DA7BE9-ABF7-40F9-A23E-FDFDB901867C}.Debug|Any CPU.Build.0 = Debug|Any CPU
		{D6DA7BE9-ABF7-40F9-A23E-FDFDB901867C}.Release|Any CPU.ActiveCfg = Release|Any CPU
		{D6DA7BE9-ABF7-40F9-A23E-FDFDB901867C}.Release|Any CPU.Build.0 = Release|Any CPU
		{3BF26C63-6929-4FC9-96B4-0F37DFE1BE23}.Debug|Any CPU.ActiveCfg = Debug|Any CPU
		{3BF26C63-6929-4FC9-96B4-0F37DFE1BE23}.Debug|Any CPU.Build.0 = Debug|Any CPU
		{3BF26C63-6929-4FC9-96B4-0F37DFE1BE23}.Release|Any CPU.ActiveCfg = Release|Any CPU
		{3BF26C63-6929-4FC9-96B4-0F37DFE1BE23}.Release|Any CPU.Build.0 = Release|Any CPU
		{361A36B2-95F5-4327-BE8B-C77079497111}.Debug|Any CPU.ActiveCfg = Debug|Any CPU
		{361A36B2-95F5-4327-BE8B-C77079497111}.Debug|Any CPU.Build.0 = Debug|Any CPU
		{361A36B2-95F5-4327-BE8B-C77079497111}.Release|Any CPU.ActiveCfg = Release|Any CPU
		{361A36B2-95F5-4327-BE8B-C77079497111}.Release|Any CPU.Build.0 = Release|Any CPU
		{D8378223-825B-49F8-B933-268F27451A2B}.Debug|Any CPU.ActiveCfg = Debug|Any CPU
		{D8378223-825B-49F8-B933-268F27451A2B}.Debug|Any CPU.Build.0 = Debug|Any CPU
		{D8378223-825B-49F8-B933-268F27451A2B}.Release|Any CPU.ActiveCfg = Release|Any CPU
		{D8378223-825B-49F8-B933-268F27451A2B}.Release|Any CPU.Build.0 = Release|Any CPU
		{F625D659-45E0-4375-BD38-9C176ECCD155}.Debug|Any CPU.ActiveCfg = Debug|Any CPU
		{F625D659-45E0-4375-BD38-9C176ECCD155}.Debug|Any CPU.Build.0 = Debug|Any CPU
		{F625D659-45E0-4375-BD38-9C176ECCD155}.Release|Any CPU.ActiveCfg = Release|Any CPU
		{F625D659-45E0-4375-BD38-9C176ECCD155}.Release|Any CPU.Build.0 = Release|Any CPU
		{57A0B238-AAB6-41D5-A8F8-BEF04B23B424}.Debug|Any CPU.ActiveCfg = Debug|Any CPU
		{57A0B238-AAB6-41D5-A8F8-BEF04B23B424}.Debug|Any CPU.Build.0 = Debug|Any CPU
		{57A0B238-AAB6-41D5-A8F8-BEF04B23B424}.Release|Any CPU.ActiveCfg = Release|Any CPU
		{57A0B238-AAB6-41D5-A8F8-BEF04B23B424}.Release|Any CPU.Build.0 = Release|Any CPU
		{B02F16E9-1AFC-4E43-BACA-04B4C0CA8CFF}.Debug|Any CPU.ActiveCfg = Debug|Any CPU
		{B02F16E9-1AFC-4E43-BACA-04B4C0CA8CFF}.Debug|Any CPU.Build.0 = Debug|Any CPU
		{B02F16E9-1AFC-4E43-BACA-04B4C0CA8CFF}.Release|Any CPU.ActiveCfg = Release|Any CPU
		{B02F16E9-1AFC-4E43-BACA-04B4C0CA8CFF}.Release|Any CPU.Build.0 = Release|Any CPU
		{169EBFFD-F29E-4FAB-A1AE-39E187D11BA6}.Debug|Any CPU.ActiveCfg = Debug|Any CPU
		{169EBFFD-F29E-4FAB-A1AE-39E187D11BA6}.Debug|Any CPU.Build.0 = Debug|Any CPU
		{169EBFFD-F29E-4FAB-A1AE-39E187D11BA6}.Release|Any CPU.ActiveCfg = Release|Any CPU
		{169EBFFD-F29E-4FAB-A1AE-39E187D11BA6}.Release|Any CPU.Build.0 = Release|Any CPU
		{38BBC401-4119-430C-BC04-C6993D7C1078}.Debug|Any CPU.ActiveCfg = Debug|Any CPU
		{38BBC401-4119-430C-BC04-C6993D7C1078}.Debug|Any CPU.Build.0 = Debug|Any CPU
		{38BBC401-4119-430C-BC04-C6993D7C1078}.Release|Any CPU.ActiveCfg = Release|Any CPU
		{38BBC401-4119-430C-BC04-C6993D7C1078}.Release|Any CPU.Build.0 = Release|Any CPU
		{3D78673B-B3BA-4399-A9A0-9A9A05387321}.Debug|Any CPU.ActiveCfg = Debug|Any CPU
		{3D78673B-B3BA-4399-A9A0-9A9A05387321}.Debug|Any CPU.Build.0 = Debug|Any CPU
		{3D78673B-B3BA-4399-A9A0-9A9A05387321}.Release|Any CPU.ActiveCfg = Release|Any CPU
		{3D78673B-B3BA-4399-A9A0-9A9A05387321}.Release|Any CPU.Build.0 = Release|Any CPU
	EndGlobalSection
	GlobalSection(SolutionProperties) = preSolution
		HideSolutionNode = FALSE
	EndGlobalSection
	GlobalSection(ExtensibilityGlobals) = postSolution
		SolutionGuid = {F844EC9E-6AEE-4238-921B-05A9DCE3EE16}
	EndGlobalSection
	GlobalSection(NestedProjects) = preSolution
		{FE6903F2-2B09-494A-8F14-5F9D9428FA04} = {A127FB06-772A-4F77-A65E-6EDA88A9622F}
		{5703C975-1DF2-4AC7-BD7D-133F2DAE2FB2} = {A127FB06-772A-4F77-A65E-6EDA88A9622F}
		{EFA9EA78-99DB-4DF6-B359-4263E264B72B} = {A127FB06-772A-4F77-A65E-6EDA88A9622F}
		{F4BC4E39-94AA-437D-BE25-EC7C9380858D} = {A127FB06-772A-4F77-A65E-6EDA88A9622F}
		{B1340B6E-DFEF-474F-AF38-E3785E87580C} = {0835A9D5-FAED-4BE3-94E1-5D9E67ABD85C}
		{6C545AF3-D120-42E1-9085-84304FC9365E} = {0835A9D5-FAED-4BE3-94E1-5D9E67ABD85C}
		{A127FB06-772A-4F77-A65E-6EDA88A9622F} = {0835A9D5-FAED-4BE3-94E1-5D9E67ABD85C}
		{ABD9C8C1-56B2-4513-B15B-29BED2C71CDF} = {0835A9D5-FAED-4BE3-94E1-5D9E67ABD85C}
		{09733348-AD4B-4BB4-9C19-1852414BCB99} = {0835A9D5-FAED-4BE3-94E1-5D9E67ABD85C}
		{30791826-DF9E-408F-90CA-F13AD2394918} = {0835A9D5-FAED-4BE3-94E1-5D9E67ABD85C}
		{D6DA7BE9-ABF7-40F9-A23E-FDFDB901867C} = {30791826-DF9E-408F-90CA-F13AD2394918}
		{3BF26C63-6929-4FC9-96B4-0F37DFE1BE23} = {30791826-DF9E-408F-90CA-F13AD2394918}
		{361A36B2-95F5-4327-BE8B-C77079497111} = {30791826-DF9E-408F-90CA-F13AD2394918}
		{D8378223-825B-49F8-B933-268F27451A2B} = {30791826-DF9E-408F-90CA-F13AD2394918}
		{477A0CC5-4676-461D-B440-98AE44366007} = {0CD6BE3D-ABFE-4626-AB50-D0264076737A}
		{B02F16E9-1AFC-4E43-BACA-04B4C0CA8CFF} = {0CD6BE3D-ABFE-4626-AB50-D0264076737A}
		{31825979-5DD6-42A3-AA43-C9F016CC02D2} = {0CD6BE3D-ABFE-4626-AB50-D0264076737A}
		{C4876FBC-02BE-4E01-B97A-6B109C094074} = {0CD6BE3D-ABFE-4626-AB50-D0264076737A}
		{F625D659-45E0-4375-BD38-9C176ECCD155} = {0CD6BE3D-ABFE-4626-AB50-D0264076737A}
		{57A0B238-AAB6-41D5-A8F8-BEF04B23B424} = {0CD6BE3D-ABFE-4626-AB50-D0264076737A}
		{169EBFFD-F29E-4FAB-A1AE-39E187D11BA6} = {0835A9D5-FAED-4BE3-94E1-5D9E67ABD85C}
		{38BBC401-4119-430C-BC04-C6993D7C1078} = {0835A9D5-FAED-4BE3-94E1-5D9E67ABD85C}
		{3D78673B-B3BA-4399-A9A0-9A9A05387321} = {0835A9D5-FAED-4BE3-94E1-5D9E67ABD85C}
	EndGlobalSection
EndGlobal
